
Microsoft Visual Studio Solution File, Format Version 12.00
# Visual Studio 15
VisualStudioVersion = 15.0.27130.2036
MinimumVisualStudioVersion = 10.0.40219.1
Project("{2150E333-8FDC-42A3-9474-1A3956D46DE8}") = "src", "src", "{1D3AE79D-27B0-4449-B91F-005B5BE39B9A}"
EndProject
Project("{2150E333-8FDC-42A3-9474-1A3956D46DE8}") = "test", "test", "{F4FAAC38-A595-4FA6-86BA-577788B3A1BA}"
EndProject
Project("{FAE04EC0-301F-11D3-BF4B-00C04F79EFBC}") = "ThoughtHaven.Contacts.SendGrid", "src\ThoughtHaven.Contacts.SendGrid\ThoughtHaven.Contacts.SendGrid.csproj", "{AF3A9A8C-17E2-483E-92F4-1E0EE2FB2602}"
EndProject
Project("{FAE04EC0-301F-11D3-BF4B-00C04F79EFBC}") = "ThoughtHaven.Contacts.SendGrid.Test", "test\ThoughtHaven.Contacts.SendGrid.Test\ThoughtHaven.Contacts.SendGrid.Test.csproj", "{131A6D25-2B86-42A3-94DB-50E075CDC84D}"
EndProject
Global
	GlobalSection(SolutionConfigurationPlatforms) = preSolution
		Debug|Any CPU = Debug|Any CPU
		Release|Any CPU = Release|Any CPU
	EndGlobalSection
	GlobalSection(ProjectConfigurationPlatforms) = postSolution
		{AF3A9A8C-17E2-483E-92F4-1E0EE2FB2602}.Debug|Any CPU.ActiveCfg = Debug|Any CPU
		{AF3A9A8C-17E2-483E-92F4-1E0EE2FB2602}.Debug|Any CPU.Build.0 = Debug|Any CPU
		{AF3A9A8C-17E2-483E-92F4-1E0EE2FB2602}.Release|Any CPU.ActiveCfg = Release|Any CPU
		{AF3A9A8C-17E2-483E-92F4-1E0EE2FB2602}.Release|Any CPU.Build.0 = Release|Any CPU
		{131A6D25-2B86-42A3-94DB-50E075CDC84D}.Debug|Any CPU.ActiveCfg = Debug|Any CPU
		{131A6D25-2B86-42A3-94DB-50E075CDC84D}.Debug|Any CPU.Build.0 = Debug|Any CPU
		{131A6D25-2B86-42A3-94DB-50E075CDC84D}.Release|Any CPU.ActiveCfg = Release|Any CPU
		{131A6D25-2B86-42A3-94DB-50E075CDC84D}.Release|Any CPU.Build.0 = Release|Any CPU
	EndGlobalSection
	GlobalSection(SolutionProperties) = preSolution
		HideSolutionNode = FALSE
	EndGlobalSection
	GlobalSection(NestedProjects) = preSolution
		{AF3A9A8C-17E2-483E-92F4-1E0EE2FB2602} = {1D3AE79D-27B0-4449-B91F-005B5BE39B9A}
		{131A6D25-2B86-42A3-94DB-50E075CDC84D} = {F4FAAC38-A595-4FA6-86BA-577788B3A1BA}
	EndGlobalSection
	GlobalSection(ExtensibilityGlobals) = postSolution
		SolutionGuid = {F65BFAA9-DB5F-403F-AA5D-39FF0F8F0B87}
	EndGlobalSection
EndGlobal
